Microsoft Visual Studio Solution File, Format Version 12.00
# Visual Studio 14
VisualStudioVersion = 14.0.25420.1
MinimumVisualStudioVersion = 10.0.40219.1
Project("{FAE04EC0-301F-11D3-BF4B-00C04F79EFBC}") = "Kenzardi.API", "Kenzardi\Kenzardi.API.csproj", "{E5A2AB93-295E-4BA2-A9EE-08F9E9F3F09B}"
EndProject
Project("{FAE04EC0-301F-11D3-BF4B-00C04F79EFBC}") = "Kenzardi.Tests", "Kenzardi.Tests\Kenzardi.Tests.csproj", "{4AF58D47-A938-4DB5-906F-D58CCBB676F8}"
EndProject
Project("{FAE04EC0-301F-11D3-BF4B-00C04F79EFBC}") = "Kenzardi.Core", "Kenzardi.Core\Kenzardi.Core.csproj", "{8F7DE3B5-3A0E-4D7C-AC13-D7569330A1CB}"
EndProject
Project("{FAE04EC0-301F-11D3-BF4B-00C04F79EFBC}") = "Kenzardi.ConsoleHost", "Kenzardi.ConsoleHost\Kenzardi.ConsoleHost.csproj", "{F3BD9ACB-CD70-4461-BD6E-7A67B1AE4624}"
EndProject
Project("{FAE04EC0-301F-11D3-BF4B-00C04F79EFBC}") = "Kenzardi.Firebase.ConsoleListener", "Kenzardi.Firebase.Console\Kenzardi.Firebase.ConsoleListener.csproj", "{346BB413-E4D9-4869-BDE4-0FED0D4EA384}"
EndProject
Project("{FAE04EC0-301F-11D3-BF4B-00C04F79EFBC}") = "Kenzardi.Data.Redis", "Kenzardi.Data.Redis\Kenzardi.Data.Redis.csproj", "{A9F88CEF-D4B5-4FF1-A737-9BF312398DC6}"
EndProject
Project("{FAE04EC0-301F-11D3-BF4B-00C04F79EFBC}") = "Kenzardi.Data.Firebase", "Kenzardi.Data.Firebase\Kenzardi.Data.Firebase.csproj", "{50F040A1-D1D2-44C4-9D2B-89DFCC90C40C}"
EndProject
Global
	GlobalSection(SolutionConfigurationPlatforms) = preSolution
		Debug|Any CPU = Debug|Any CPU
		Release|Any CPU = Release|Any CPU
	EndGlobalSection
	GlobalSection(ProjectConfigurationPlatforms) = postSolution
		{E5A2AB93-295E-4BA2-A9EE-08F9E9F3F09B}.Debug|Any CPU.ActiveCfg = Debug|Any CPU
		{E5A2AB93-295E-4BA2-A9EE-08F9E9F3F09B}.Debug|Any CPU.Build.0 = Debug|Any CPU
		{E5A2AB93-295E-4BA2-A9EE-08F9E9F3F09B}.Release|Any CPU.ActiveCfg = Release|Any CPU
		{E5A2AB93-295E-4BA2-A9EE-08F9E9F3F09B}.Release|Any CPU.Build.0 = Release|Any CPU
		{4AF58D47-A938-4DB5-906F-D58CCBB676F8}.Debug|Any CPU.ActiveCfg = Debug|Any CPU
		{4AF58D47-A938-4DB5-906F-D58CCBB676F8}.Debug|Any CPU.Build.0 = Debug|Any CPU
		{4AF58D47-A938-4DB5-906F-D58CCBB676F8}.Release|Any CPU.ActiveCfg = Release|Any CPU
		{4AF58D47-A938-4DB5-906F-D58CCBB676F8}.Release|Any CPU.Build.0 = Release|Any CPU
		{8F7DE3B5-3A0E-4D7C-AC13-D7569330A1CB}.Debug|Any CPU.ActiveCfg = Debug|Any CPU
		{8F7DE3B5-3A0E-4D7C-AC13-D7569330A1CB}.Debug|Any CPU.Build.0 = Debug|Any CPU
		{8F7DE3B5-3A0E-4D7C-AC13-D7569330A1CB}.Release|Any CPU.ActiveCfg = Release|Any CPU
		{8F7DE3B5-3A0E-4D7C-AC13-D7569330A1CB}.Release|Any CPU.Build.0 = Release|Any CPU
		{F3BD9ACB-CD70-4461-BD6E-7A67B1AE4624}.Debug|Any CPU.ActiveCfg = Debug|Any CPU
		{F3BD9ACB-CD70-4461-BD6E-7A67B1AE4624}.Debug|Any CPU.Build.0 = Debug|Any CPU
		{F3BD9ACB-CD70-4461-BD6E-7A67B1AE4624}.Release|Any CPU.ActiveCfg = Release|Any CPU
		{F3BD9ACB-CD70-4461-BD6E-7A67B1AE4624}.Release|Any CPU.Build.0 = Release|Any CPU
		{346BB413-E4D9-4869-BDE4-0FED0D4EA384}.Debug|Any CPU.ActiveCfg = Debug|Any CPU
		{346BB413-E4D9-4869-BDE4-0FED0D4EA384}.Debug|Any CPU.Build.0 = Debug|Any CPU
		{346BB413-E4D9-4869-BDE4-0FED0D4EA384}.Release|Any CPU.ActiveCfg = Release|Any CPU
		{346BB413-E4D9-4869-BDE4-0FED0D4EA384}.Release|Any CPU.Build.0 = Release|Any CPU
		{A9F88CEF-D4B5-4FF1-A737-9BF312398DC6}.Debug|Any CPU.ActiveCfg = Debug|Any CPU
		{A9F88CEF-D4B5-4FF1-A737-9BF312398DC6}.Debug|Any CPU.Build.0 = Debug|Any CPU
		{A9F88CEF-D4B5-4FF1-A737-9BF312398DC6}.Release|Any CPU.ActiveCfg = Release|Any CPU
		{A9F88CEF-D4B5-4FF1-A737-9BF312398DC6}.Release|Any CPU.Build.0 = Release|Any CPU
		{50F040A1-D1D2-44C4-9D2B-89DFCC90C40C}.Debug|Any CPU.ActiveCfg = Debug|Any CPU
		{50F040A1-D1D2-44C4-9D2B-89DFCC90C40C}.Debug|Any CPU.Build.0 = Debug|Any CPU
		{50F040A1-D1D2-44C4-9D2B-89DFCC90C40C}.Release|Any CPU.ActiveCfg = Release|Any CPU
		{50F040A1-D1D2-44C4-9D2B-89DFCC90C40C}.Release|Any CPU.Build.0 = Release|Any CPU
	EndGlobalSection
	GlobalSection(SolutionProperties) = preSolution
		HideSolutionNode = FALSE
	EndGlobalSection
	GlobalSection(MonoDevelopProperties) = preSolution
		Policies = $0
		$0.DotNetNamingPolicy = $1
		$1.DirectoryNamespaceAssociation = Flat
		$1.ResourceNamePolicy = MSBuild
		$0.TextStylePolicy = $7
	EndGlobalSection
EndGlobal
